{
  "name": "beleave-facebook-adverts",
  "version": "1.0.0",
  "lockfileVersion": 1,
  "requires": true,
  "dependencies": {
    "pdf.js-extract": {
      "version": "0.0.9",
      "resolved": "https://registry.npmjs.org/pdf.js-extract/-/pdf.js-extract-0.0.9.tgz",
      "integrity": "sha512-BaZ4+Vfm9rJXaq0akw96iSngrmRPPIbjCHnLCiMASyiBamjpzwPr5eXrBOLTp8HVuO79N8dtg3MkrTCmrc1iFA=="
    }
  }
}
